
Microsoft Visual Studio Solution File, Format Version 12.00
# Visual Studio Version 17
VisualStudioVersion = 17.0.31903.59
MinimumVisualStudioVersion = 10.0.40219.1
Project("{FAE04EC0-301F-11D3-BF4B-00C04F79EFBC}") = "SistemaHotel.Modelo", "SistemaHotel\SistemaHotel.Modelo.csproj", "{C19A729A-D464-4C92-8ED1-9F725033922F}"
EndProject
Project("{FAE04EC0-301F-11D3-BF4B-00C04F79EFBC}") = "SistemaHotel.UI.Console", "SistemaHotel.UI.Console\SistemaHotel.UI.Console.csproj", "{A3865A99-E577-4AD1-83C3-039C69F66E83}"
EndProject
Project("{FAE04EC0-301F-11D3-BF4B-00C04F79EFBC}") = "SistemaHotel.Persistenia.EFCore", "SistemaHotel.Persistenia.EFCore\SistemaHotel.Persistenia.EFCore.csproj", "{D89F85D4-4F63-4843-BCCB-77BD6F1D130E}"
EndProject
Global
	GlobalSection(SolutionConfigurationPlatforms) = preSolution
		Debug|Any CPU = Debug|Any CPU
		Release|Any CPU = Release|Any CPU
	EndGlobalSection
	GlobalSection(ProjectConfigurationPlatforms) = postSolution
		{C19A729A-D464-4C92-8ED1-9F725033922F}.Debug|Any CPU.ActiveCfg = Debug|Any CPU
		{C19A729A-D464-4C92-8ED1-9F725033922F}.Debug|Any CPU.Build.0 = Debug|Any CPU
		{C19A729A-D464-4C92-8ED1-9F725033922F}.Release|Any CPU.ActiveCfg = Release|Any CPU
		{C19A729A-D464-4C92-8ED1-9F725033922F}.Release|Any CPU.Build.0 = Release|Any CPU
		{A3865A99-E577-4AD1-83C3-039C69F66E83}.Debug|Any CPU.ActiveCfg = Debug|Any CPU
		{A3865A99-E577-4AD1-83C3-039C69F66E83}.Debug|Any CPU.Build.0 = Debug|Any CPU
		{A3865A99-E577-4AD1-83C3-039C69F66E83}.Release|Any CPU.ActiveCfg = Release|Any CPU
		{A3865A99-E577-4AD1-83C3-039C69F66E83}.Release|Any CPU.Build.0 = Release|Any CPU
		{D89F85D4-4F63-4843-BCCB-77BD6F1D130E}.Debug|Any CPU.ActiveCfg = Debug|Any CPU
		{D89F85D4-4F63-4843-BCCB-77BD6F1D130E}.Debug|Any CPU.Build.0 = Debug|Any CPU
		{D89F85D4-4F63-4843-BCCB-77BD6F1D130E}.Release|Any CPU.ActiveCfg = Release|Any CPU
		{D89F85D4-4F63-4843-BCCB-77BD6F1D130E}.Release|Any CPU.Build.0 = Release|Any CPU
	EndGlobalSection
	GlobalSection(SolutionProperties) = preSolution
		HideSolutionNode = FALSE
	EndGlobalSection
EndGlobal
